{
  "name": "dotfiles",
  "lockfileVersion": 3,
  "requires": true,
  "packages": {
    "": {
      "dependencies": {
        "cz-git": "^1.12.0"
      }
    },
    "node_modules/cz-git": {
      "version": "1.12.0",
      "resolved": "https://registry.npmjs.org/cz-git/-/cz-git-1.12.0.tgz",
      "integrity": "sha512-LaZ+8whPPUOo6Y0Zy4nIbf6JOleV3ejp41sT6N4RPKiKKA+ICWf4ueeIlxIO8b6JtdlDxRzHH/EcRji07nDxcg==",
      "license": "MIT",
      "engines": {
        "node": ">=v12.20.0"
      }
    }
  }
}
